<?xml version="1.0" encoding="UTF-8" standalone="yes" ?>
<CodeBlocks_project_file>
	<FileVersion major="1" minor="6" />
	<Project>
		<Option title="buweiqi" />
		<Option pch_mode="2" />
		<Option compiler="gcc" />
		<Build>
			<Target title="Debug">
				<Option output="bin/Debug/buweiqi" prefix_auto="1" extension_auto="1" />
				<Option object_output="obj/Debug/" />
				<Option type="1" />
				<Option compiler="gcc" />
				<Compiler>
					<Add option="-g" />
				</Compiler>
			</Target>
			<Target title="Release">
				<Option output="bin/Release/buweiqi" prefix_auto="1" extension_auto="1" />
				<Option object_output="obj/Release/" />
				<Option type="0" />
				<Option compiler="gcc" />
				<Compiler>
					<Add option="-O2" />
				</Compiler>
				<Linker>
					<Add option="-s" />
				</Linker>
			</Target>
		</Build>
		<Compiler>
			<Add option="-Wall" />
		</Compiler>
		<Linker>
			<Add library="gdi32" />
			<Add library="user32" />
			<Add library="kernel32" />
			<Add library="comctl32" />
		</Linker>
		<Unit filename="AI1_Header/AI1.h" />
		<Unit filename="AI1_Header/Arithmatic.h" />
		<Unit filename="AI1_Header/PointStyle.h" />
		<Unit filename="AI1_Source/ArithmaticCore/CalculatePerf.cpp" />
		<Unit filename="AI1_Source/ArithmaticCore/Forecast.cpp" />
		<Unit filename="AI1_Source/DeadCheck.cpp" />
		<Unit filename="AI1_Source/FunctionPart.cpp" />
		<Unit filename="AI1_Source/GetPosition.cpp" />
		<Unit filename="AI1_Source/Initialize.cpp" />
		<Unit filename="AI1_Source/RateResetScore.cpp" />
		<Unit filename="AI1_Source/UpdateScore.cpp" />
		<Unit filename="AI2_Header/AI2.h" />
		<Unit filename="AI2_Header/AIPlayer.h" />
		<Unit filename="AI2_Source/DataUtil.cpp" />
		<Unit filename="AI2_Source/GetPosition.cpp" />
		<Unit filename="AI2_Source/MaxandMinFunction.cpp" />
		<Unit filename="AI2_Source/Score.cpp" />
		<Unit filename="AI2_Source/score/cornerScan.cpp" />
		<Unit filename="AI2_Source/score/crossShapeScan.cpp" />
		<Unit filename="AI2_Source/score/isGo2Dead.cpp" />
		<Unit filename="AI2_Source/score/priority.cpp" />
		<Unit filename="AI2_Source/score/tirangleScan.cpp" />
		<Unit filename="AI3_Header/AI3.h" />
		<Unit filename="AI3_Source/GetPosition.cpp" />
		<Unit filename="StdAfx.h" />
		<Unit filename="chessBoard_Header/AI.h" />
		<Unit filename="chessBoard_Header/Chess.h" />
		<Unit filename="chessBoard_Header/ChessBoard.h" />
		<Unit filename="chessBoard_Header/PlayerInfo.h" />
		<Unit filename="chessBoard_Header/WindowHwnd.h" />
		<Unit filename="chessBoard_Header/WindowSize.h" />
		<Unit filename="chessBoard_Source/InitData.cpp" />
		<Unit filename="chessBoard_Source/PaintBoard.cpp" />
		<Unit filename="chessBoard_Source/PaintChess.cpp" />
		<Unit filename="chessBoard_Source/PaintTimer.cpp" />
		<Unit filename="chessBoard_Source/RePaint.cpp" />
		<Unit filename="chessBoard_Source/ReStart.cpp" />
		<Unit filename="chessBoard_Source/WinOrLose.cpp" />
		<Unit filename="chessBoard_Source/util/int2String.cpp" />
		<Unit filename="chessBoard_Source/util/recursion.cpp" />
		<Unit filename="main.cpp" />
		<Extensions>
			<code_completion />
			<envvars />
			<debugger />
			<lib_finder disable_auto="1" />
		</Extensions>
	</Project>
</CodeBlocks_project_file>
